PODS:
  - Nimble (7.3.0)
  - Quick (1.3.1)
  - QuickLayout (2.0.3)

DEPENDENCIES:
  - Nimble (= 7.3.0)
  - Quick (= 1.3.1)
  - QuickLayout (from `../`)

SPEC REPOS:
  https://github.com/cocoapods/specs.git:
    - Nimble
    - Quick

EXTERNAL SOURCES:
  QuickLayout:
    :path: "../"

SPEC CHECKSUMS:
  Nimble: c8d6a1f463701921c46de965c673e13cafa09196
  Quick: d17304d58d0d169dd0bd1c6e5c28e3318de32a1a
  QuickLayout: f0cf4cb971bbb1f15cd211263a329883b676fd11

PODFILE CHECKSUM: 42377ee4bf3c9495f45cfd4deaa561e92f884331

COCOAPODS: 1.5.3
