PODS:
  - LoremIpsum (1.0.0)
  - QuickLayout (1.0.10)

DEPENDENCIES:
  - LoremIpsum (~> 1.0)
  - QuickLayout (from `../`)

SPEC REPOS:
  https://github.com/CocoaPods/Specs.git:
    - LoremIpsum

EXTERNAL SOURCES:
  QuickLayout:
    :path: "../"

SPEC CHECKSUMS:
  LoremIpsum: 9029c55d36501b2ee0b05cc9ecda11d3a0479160
  QuickLayout: a04d3ce1758b2d85300f086de3fdb1281d5e5485

PODFILE CHECKSUM: b5150c31e62d810b717e35f23234727801bce54b

COCOAPODS: 1.5.0
