// !$*UTF8*$!
{
	archiveVersion = 1;
	classes = {
	};
	objectVersion = 46;
	objects = {

/* Begin PBXBuildFile section */
		1410C80920A59BD500F83E0B /* VertigoViewController.swift in Sources */ = {isa = PBXBuildFile; fileRef = 1410C80820A59BD500F83E0B /* VertigoViewController.swift */; };
		1410C80B20A59C8F00F83E0B /* UIColor+Utils.swift in Sources */ = {isa = PBXBuildFile; fileRef = 1410C80A20A59C8F00F83E0B /* UIColor+Utils.swift */; };
		1410C80D20A5A58A00F83E0B /* NavigationController.swift in Sources */ = {isa = PBXBuildFile; fileRef = 1410C80C20A5A58A00F83E0B /* NavigationController.swift */; };
		1410C81320A5C40D00F83E0B /* Object+ClassName.swift in Sources */ = {isa = PBXBuildFile; fileRef = 1410C81220A5C40D00F83E0B /* Object+ClassName.swift */; };
		1410C81520A5C52900F83E0B /* Font.swift in Sources */ = {isa = PBXBuildFile; fileRef = 1410C81420A5C52900F83E0B /* Font.swift */; };
		1410C81920A5D45D00F83E0B /* sentences.json in Resources */ = {isa = PBXBuildFile; fileRef = 1410C81820A5D45D00F83E0B /* sentences.json */; };
		1410C81B20A5D49C00F83E0B /* DataSource.swift in Sources */ = {isa = PBXBuildFile; fileRef = 1410C81A20A5D49C00F83E0B /* DataSource.swift */; };
		1410C82020A633F400F83E0B /* ViewArrayTests.swift in Sources */ = {isa = PBXBuildFile; fileRef = 1410C81F20A633F400F83E0B /* ViewArrayTests.swift */; };
		1410C82220A6341400F83E0B /* UtilsTests.swift in Sources */ = {isa = PBXBuildFile; fileRef = 1410C82120A6341400F83E0B /* UtilsTests.swift */; };
		1410C82520A635BA00F83E0B /* ContentWrapTests.swift in Sources */ = {isa = PBXBuildFile; fileRef = 1410C82420A635BA00F83E0B /* ContentWrapTests.swift */; };
		1410C82C20A6393E00F83E0B /* TableSampleViewController.swift in Sources */ = {isa = PBXBuildFile; fileRef = 1410C82720A6393E00F83E0B /* TableSampleViewController.swift */; };
		1410C82D20A6393E00F83E0B /* ThumbView.swift in Sources */ = {isa = PBXBuildFile; fileRef = 1410C82820A6393E00F83E0B /* ThumbView.swift */; };
		1410C82E20A6393E00F83E0B /* ContactTableViewCell.swift in Sources */ = {isa = PBXBuildFile; fileRef = 1410C82920A6393E00F83E0B /* ContactTableViewCell.swift */; };
		1410C82F20A6393E00F83E0B /* contacts.json in Resources */ = {isa = PBXBuildFile; fileRef = 1410C82A20A6393E00F83E0B /* contacts.json */; };
		1410C83020A6393E00F83E0B /* Contact.swift in Sources */ = {isa = PBXBuildFile; fileRef = 1410C82B20A6393E00F83E0B /* Contact.swift */; };
		148448B11FC4567C00DB72E8 /* ScrollSampleViewController.swift in Sources */ = {isa = PBXBuildFile; fileRef = 148448B01FC4567C00DB72E8 /* ScrollSampleViewController.swift */; };
		149C80361FC222C1003BF76B /* Number+Utils.swift in Sources */ = {isa = PBXBuildFile; fileRef = 149C80351FC222C1003BF76B /* Number+Utils.swift */; };
		14D20A06209F7426009436E4 /* SingleViewTests.swift in Sources */ = {isa = PBXBuildFile; fileRef = 14D20A05209F7426009436E4 /* SingleViewTests.swift */; };
		14F9FB8220A70FC300F37D02 /* QuickLayout.h in Headers */ = {isa = PBXBuildFile; fileRef = 14F9FB8020A70FC300F37D02 /* QuickLayout.h */; settings = {ATTRIBUTES = (Public, ); }; };
		14F9FB8520A70FC300F37D02 /* QuickLayout.framework in Frameworks */ = {isa = PBXBuildFile; fileRef = 14F9FB7E20A70FC300F37D02 /* QuickLayout.framework */; };
		14F9FB8620A70FC300F37D02 /* QuickLayout.framework in Embed Frameworks */ = {isa = PBXBuildFile; fileRef = 14F9FB7E20A70FC300F37D02 /* QuickLayout.framework */; settings = {ATTRIBUTES = (CodeSignOnCopy, RemoveHeadersOnCopy, ); }; };
		14F9FB9320A7109C00F37D02 /* QLUtils.swift in Sources */ = {isa = PBXBuildFile; fileRef = 14F9FB8C20A7104800F37D02 /* QLUtils.swift */; };
		14F9FB9420A7109C00F37D02 /* UIView+QLContentWrap.swift in Sources */ = {isa = PBXBuildFile; fileRef = 14F9FB8E20A7104800F37D02 /* UIView+QLContentWrap.swift */; };
		14F9FB9520A7109C00F37D02 /* UIView+QuickLayout.swift in Sources */ = {isa = PBXBuildFile; fileRef = 14F9FB8D20A7104800F37D02 /* UIView+QuickLayout.swift */; };
		14F9FB9620A7109C00F37D02 /* UIViewArray+QuickLayout.swift in Sources */ = {isa = PBXBuildFile; fileRef = 14F9FB8B20A7104800F37D02 /* UIViewArray+QuickLayout.swift */; };
		370DCA7FB2E5CEBF029DAC27 /* Pods_QuickLayoutDemo.framework in Frameworks */ = {isa = PBXBuildFile; fileRef = A572080B7124FA246F6625A0 /* Pods_QuickLayoutDemo.framework */; };
		607FACD61AFB9204008FA782 /* AppDelegate.swift in Sources */ = {isa = PBXBuildFile; fileRef = 607FACD51AFB9204008FA782 /* AppDelegate.swift */; };
		607FACD81AFB9204008FA782 /* MainViewController.swift in Sources */ = {isa = PBXBuildFile; fileRef = 607FACD71AFB9204008FA782 /* MainViewController.swift */; };
		607FACDD1AFB9204008FA782 /* Images.xcassets in Resources */ = {isa = PBXBuildFile; fileRef = 607FACDC1AFB9204008FA782 /* Images.xcassets */; };
		607FACE01AFB9204008FA782 /* LaunchScreen.xib in Resources */ = {isa = PBXBuildFile; fileRef = 607FACDE1AFB9204008FA782 /* LaunchScreen.xib */; };
		F5D1D592360C9D8CB87B16C0 /* Pods_QuickLayoutTests.framework in Frameworks */ = {isa = PBXBuildFile; fileRef = 0909579FBA9545FF9DBC33A3 /* Pods_QuickLayoutTests.framework */; };
/* End PBXBuildFile section */

/* Begin PBXContainerItemProxy section */
		14D20A08209F7426009436E4 /* PBXContainerItemProxy */ = {
			isa = PBXContainerItemProxy;
			containerPortal = 607FACC81AFB9204008FA782 /* Project object */;
			proxyType = 1;
			remoteGlobalIDString = 607FACCF1AFB9204008FA782;
			remoteInfo = DemoApp;
		};
		14F9FB8320A70FC300F37D02 /* PBXContainerItemProxy */ = {
			isa = PBXContainerItemProxy;
			containerPortal = 607FACC81AFB9204008FA782 /* Project object */;
			proxyType = 1;
			remoteGlobalIDString = 14F9FB7D20A70FC300F37D02;
			remoteInfo = QuickLayout;
		};
/* End PBXContainerItemProxy section */

/* Begin PBXCopyFilesBuildPhase section */
		14F9FB8A20A70FC300F37D02 /* Embed Frameworks */ = {
			isa = PBXCopyFilesBuildPhase;
			buildActionMask = 2147483647;
			dstPath = "";
			dstSubfolderSpec = 10;
			files = (
				14F9FB8620A70FC300F37D02 /* QuickLayout.framework in Embed Frameworks */,
			);
			name = "Embed Frameworks";
			runOnlyForDeploymentPostprocessing = 0;
		};
/* End PBXCopyFilesBuildPhase section */

/* Begin PBXFileReference section */
		0909579FBA9545FF9DBC33A3 /* Pods_QuickLayoutTests.framework */ = {isa = PBXFileReference; explicitFileType = wrapper.framework; includeInIndex = 0; path = Pods_QuickLayoutTests.framework; sourceTree = BUILT_PRODUCTS_DIR; };
		129B6C8CDE3028387B8958A8 /* Pods-QuickLayoutDemo.release.xcconfig */ = {isa = PBXFileReference; includeInIndex = 1; lastKnownFileType = text.xcconfig; name = "Pods-QuickLayoutDemo.release.xcconfig"; path = "Pods/Target Support Files/Pods-QuickLayoutDemo/Pods-QuickLayoutDemo.release.xcconfig"; sourceTree = "<group>"; };
		1410C80820A59BD500F83E0B /* VertigoViewController.swift */ = {isa = PBXFileReference; lastKnownFileType = sourcecode.swift; path = VertigoViewController.swift; sourceTree = "<group>"; };
		1410C80A20A59C8F00F83E0B /* UIColor+Utils.swift */ = {isa = PBXFileReference; fileEncoding = 4; lastKnownFileType = sourcecode.swift; path = "UIColor+Utils.swift"; sourceTree = "<group>"; };
		1410C80C20A5A58A00F83E0B /* NavigationController.swift */ = {isa = PBXFileReference; lastKnownFileType = sourcecode.swift; path = NavigationController.swift; sourceTree = "<group>"; };
		1410C81220A5C40D00F83E0B /* Object+ClassName.swift */ = {isa = PBXFileReference; fileEncoding = 4; lastKnownFileType = sourcecode.swift; path = "Object+ClassName.swift"; sourceTree = "<group>"; };
		1410C81420A5C52900F83E0B /* Font.swift */ = {isa = PBXFileReference; fileEncoding = 4; lastKnownFileType = sourcecode.swift; path = Font.swift; sourceTree = "<group>"; };
		1410C81820A5D45D00F83E0B /* sentences.json */ = {isa = PBXFileReference; fileEncoding = 4; lastKnownFileType = text.json; path = sentences.json; sourceTree = "<group>"; };
		1410C81A20A5D49C00F83E0B /* DataSource.swift */ = {isa = PBXFileReference; lastKnownFileType = sourcecode.swift; path = DataSource.swift; sourceTree = "<group>"; };
		1410C81F20A633F400F83E0B /* ViewArrayTests.swift */ = {isa = PBXFileReference; lastKnownFileType = sourcecode.swift; path = ViewArrayTests.swift; sourceTree = "<group>"; };
		1410C82120A6341400F83E0B /* UtilsTests.swift */ = {isa = PBXFileReference; lastKnownFileType = sourcecode.swift; path = UtilsTests.swift; sourceTree = "<group>"; };
		1410C82420A635BA00F83E0B /* ContentWrapTests.swift */ = {isa = PBXFileReference; lastKnownFileType = sourcecode.swift; path = ContentWrapTests.swift; sourceTree = "<group>"; };
		1410C82720A6393E00F83E0B /* TableSampleViewController.swift */ = {isa = PBXFileReference; fileEncoding = 4; lastKnownFileType = sourcecode.swift; path = TableSampleViewController.swift; sourceTree = "<group>"; };
		1410C82820A6393E00F83E0B /* ThumbView.swift */ = {isa = PBXFileReference; fileEncoding = 4; lastKnownFileType = sourcecode.swift; path = ThumbView.swift; sourceTree = "<group>"; };
		1410C82920A6393E00F83E0B /* ContactTableViewCell.swift */ = {isa = PBXFileReference; fileEncoding = 4; lastKnownFileType = sourcecode.swift; path = ContactTableViewCell.swift; sourceTree = "<group>"; };
		1410C82A20A6393E00F83E0B /* contacts.json */ = {isa = PBXFileReference; fileEncoding = 4; lastKnownFileType = text.json; path = contacts.json; sourceTree = "<group>"; };
		1410C82B20A6393E00F83E0B /* Contact.swift */ = {isa = PBXFileReference; fileEncoding = 4; lastKnownFileType = sourcecode.swift; path = Contact.swift; sourceTree = "<group>"; };
		1410C83120A7057200F83E0B /* CHANGELOG.md */ = {isa = PBXFileReference; fileEncoding = 4; lastKnownFileType = net.daringfireball.markdown; name = CHANGELOG.md; path = ../CHANGELOG.md; sourceTree = "<group>"; };
		142A2AD8A33C92183A64E96D /* Pods-QuickLayoutTests.release.xcconfig */ = {isa = PBXFileReference; includeInIndex = 1; lastKnownFileType = text.xcconfig; name = "Pods-QuickLayoutTests.release.xcconfig"; path = "Pods/Target Support Files/Pods-QuickLayoutTests/Pods-QuickLayoutTests.release.xcconfig"; sourceTree = "<group>"; };
		148448B01FC4567C00DB72E8 /* ScrollSampleViewController.swift */ = {isa = PBXFileReference; lastKnownFileType = sourcecode.swift; path = ScrollSampleViewController.swift; sourceTree = "<group>"; };
		149879B71FC3866E00AA0B51 /* QuickLayout-Bridging-Header.h */ = {isa = PBXFileReference; lastKnownFileType = sourcecode.c.h; path = "QuickLayout-Bridging-Header.h"; sourceTree = "<group>"; };
		149C80351FC222C1003BF76B /* Number+Utils.swift */ = {isa = PBXFileReference; lastKnownFileType = sourcecode.swift; path = "Number+Utils.swift"; sourceTree = "<group>"; };
		14D20A03209F7426009436E4 /* QuickLayoutTests.xctest */ = {isa = PBXFileReference; explicitFileType = wrapper.cfbundle; includeInIndex = 0; path = QuickLayoutTests.xctest; sourceTree = BUILT_PRODUCTS_DIR; };
		14D20A05209F7426009436E4 /* SingleViewTests.swift */ = {isa = PBXFileReference; lastKnownFileType = sourcecode.swift; path = SingleViewTests.swift; sourceTree = "<group>"; };
		14D20A07209F7426009436E4 /* Info.plist */ = {isa = PBXFileReference; lastKnownFileType = text.plist.xml; path = Info.plist; sourceTree = "<group>"; };
		14F9FB7E20A70FC300F37D02 /* QuickLayout.framework */ = {isa = PBXFileReference; explicitFileType = wrapper.framework; includeInIndex = 0; path = QuickLayout.framework; sourceTree = BUILT_PRODUCTS_DIR; };
		14F9FB8020A70FC300F37D02 /* QuickLayout.h */ = {isa = PBXFileReference; lastKnownFileType = sourcecode.c.h; path = QuickLayout.h; sourceTree = "<group>"; };
		14F9FB8120A70FC300F37D02 /* Info.plist */ = {isa = PBXFileReference; lastKnownFileType = text.plist.xml; path = Info.plist; sourceTree = "<group>"; };
		14F9FB8B20A7104800F37D02 /* UIViewArray+QuickLayout.swift */ = {isa = PBXFileReference; fileEncoding = 4; lastKnownFileType = sourcecode.swift; name = "UIViewArray+QuickLayout.swift"; path = "../../QuickLayout/UIViewArray+QuickLayout.swift"; sourceTree = "<group>"; };
		14F9FB8C20A7104800F37D02 /* QLUtils.swift */ = {isa = PBXFileReference; fileEncoding = 4; lastKnownFileType = sourcecode.swift; name = QLUtils.swift; path = ../../QuickLayout/QLUtils.swift; sourceTree = "<group>"; };
		14F9FB8D20A7104800F37D02 /* UIView+QuickLayout.swift */ = {isa = PBXFileReference; fileEncoding = 4; lastKnownFileType = sourcecode.swift; name = "UIView+QuickLayout.swift"; path = "../../QuickLayout/UIView+QuickLayout.swift"; sourceTree = "<group>"; };
		14F9FB8E20A7104800F37D02 /* UIView+QLContentWrap.swift */ = {isa = PBXFileReference; fileEncoding = 4; lastKnownFileType = sourcecode.swift; name = "UIView+QLContentWrap.swift"; path = "../../QuickLayout/UIView+QLContentWrap.swift"; sourceTree = "<group>"; };
		3FA85A2223F313FD65DA89B2 /* LICENSE */ = {isa = PBXFileReference; includeInIndex = 1; lastKnownFileType = text; name = LICENSE; path = ../LICENSE; sourceTree = "<group>"; };
		607FACD01AFB9204008FA782 /* Quick Layout.app */ = {isa = PBXFileReference; explicitFileType = wrapper.application; includeInIndex = 0; path = "Quick Layout.app"; sourceTree = BUILT_PRODUCTS_DIR; };
		607FACD41AFB9204008FA782 /* Info.plist */ = {isa = PBXFileReference; lastKnownFileType = text.plist.xml; path = Info.plist; sourceTree = "<group>"; };
		607FACD51AFB9204008FA782 /* AppDelegate.swift */ = {isa = PBXFileReference; lastKnownFileType = sourcecode.swift; path = AppDelegate.swift; sourceTree = "<group>"; };
		607FACD71AFB9204008FA782 /* MainViewController.swift */ = {isa = PBXFileReference; lastKnownFileType = sourcecode.swift; path = MainViewController.swift; sourceTree = "<group>"; };
		607FACDC1AFB9204008FA782 /* Images.xcassets */ = {isa = PBXFileReference; lastKnownFileType = folder.assetcatalog; path = Images.xcassets; sourceTree = "<group>"; };
		607FACDF1AFB9204008FA782 /* Base */ = {isa = PBXFileReference; lastKnownFileType = file.xib; name = Base; path = Base.lproj/LaunchScreen.xib; sourceTree = "<group>"; };
		79D0E436E838A2B960D27763 /* README.md */ = {isa = PBXFileReference; includeInIndex = 1; lastKnownFileType = net.daringfireball.markdown; name = README.md; path = ../README.md; sourceTree = "<group>"; };
		A572080B7124FA246F6625A0 /* Pods_QuickLayoutDemo.framework */ = {isa = PBXFileReference; explicitFileType = wrapper.framework; includeInIndex = 0; path = Pods_QuickLayoutDemo.framework; sourceTree = BUILT_PRODUCTS_DIR; };
		A6CF5D8C848CDF4147E0DC30 /* Pods-QuickLayoutDemo.debug.xcconfig */ = {isa = PBXFileReference; includeInIndex = 1; lastKnownFileType = text.xcconfig; name = "Pods-QuickLayoutDemo.debug.xcconfig"; path = "Pods/Target Support Files/Pods-QuickLayoutDemo/Pods-QuickLayoutDemo.debug.xcconfig"; sourceTree = "<group>"; };
		CDE9661FF0586EB995CB1DDE /* Pods-QuickLayoutTests.debug.xcconfig */ = {isa = PBXFileReference; includeInIndex = 1; lastKnownFileType = text.xcconfig; name = "Pods-QuickLayoutTests.debug.xcconfig"; path = "Pods/Target Support Files/Pods-QuickLayoutTests/Pods-QuickLayoutTests.debug.xcconfig"; sourceTree = "<group>"; };
		CF744FE52C7CD43181AC1BE0 /* QuickLayout.podspec */ = {isa = PBXFileReference; includeInIndex = 1; lastKnownFileType = text; name = QuickLayout.podspec; path = ../QuickLayout.podspec; sourceTree = "<group>"; xcLanguageSpecificationIdentifier = xcode.lang.ruby; };
/* End PBXFileReference section */

/* Begin PBXFrameworksBuildPhase section */
		14D20A00209F7426009436E4 /* Frameworks */ = {
			isa = PBXFrameworksBuildPhase;
			buildActionMask = 2147483647;
			files = (
				F5D1D592360C9D8CB87B16C0 /* Pods_QuickLayoutTests.framework in Frameworks */,
			);
			runOnlyForDeploymentPostprocessing = 0;
		};
		14F9FB7A20A70FC300F37D02 /* Frameworks */ = {
			isa = PBXFrameworksBuildPhase;
			buildActionMask = 2147483647;
			files = (
			);
			runOnlyForDeploymentPostprocessing = 0;
		};
		607FACCD1AFB9204008FA782 /* Frameworks */ = {
			isa = PBXFrameworksBuildPhase;
			buildActionMask = 2147483647;
			files = (
				14F9FB8520A70FC300F37D02 /* QuickLayout.framework in Frameworks */,
				370DCA7FB2E5CEBF029DAC27 /* Pods_QuickLayoutDemo.framework in Frameworks */,
			);
			runOnlyForDeploymentPostprocessing = 0;
		};
/* End PBXFrameworksBuildPhase section */

/* Begin PBXGroup section */
		1410C80720A59BBB00F83E0B /* Vertigo */ = {
			isa = PBXGroup;
			children = (
				1410C80820A59BD500F83E0B /* VertigoViewController.swift */,
			);
			path = Vertigo;
			sourceTree = "<group>";
		};
		1410C81C20A5D8B800F83E0B /* Samples */ = {
			isa = PBXGroup;
			children = (
				1410C81A20A5D49C00F83E0B /* DataSource.swift */,
				1410C82620A6393E00F83E0B /* TableView */,
				148448BD1FC47C3F00DB72E8 /* ScrollView */,
				1410C80720A59BBB00F83E0B /* Vertigo */,
			);
			path = Samples;
			sourceTree = "<group>";
		};
		1410C82620A6393E00F83E0B /* TableView */ = {
			isa = PBXGroup;
			children = (
				1410C82A20A6393E00F83E0B /* contacts.json */,
				1410C82B20A6393E00F83E0B /* Contact.swift */,
				1410C82820A6393E00F83E0B /* ThumbView.swift */,
				1410C82920A6393E00F83E0B /* ContactTableViewCell.swift */,
				1410C82720A6393E00F83E0B /* TableSampleViewController.swift */,
			);
			path = TableView;
			sourceTree = "<group>";
		};
		148448BD1FC47C3F00DB72E8 /* ScrollView */ = {
			isa = PBXGroup;
			children = (
				1410C81820A5D45D00F83E0B /* sentences.json */,
				148448B01FC4567C00DB72E8 /* ScrollSampleViewController.swift */,
			);
			path = ScrollView;
			sourceTree = "<group>";
		};
		148448C01FC47C6E00DB72E8 /* Utils */ = {
			isa = PBXGroup;
			children = (
				1410C81420A5C52900F83E0B /* Font.swift */,
				1410C80A20A59C8F00F83E0B /* UIColor+Utils.swift */,
				149C80351FC222C1003BF76B /* Number+Utils.swift */,
				1410C81220A5C40D00F83E0B /* Object+ClassName.swift */,
			);
			path = Utils;
			sourceTree = "<group>";
		};
		14D20A04209F7426009436E4 /* QuickLayoutTests */ = {
			isa = PBXGroup;
			children = (
				1410C82120A6341400F83E0B /* UtilsTests.swift */,
				1410C82420A635BA00F83E0B /* ContentWrapTests.swift */,
				14D20A05209F7426009436E4 /* SingleViewTests.swift */,
				1410C81F20A633F400F83E0B /* ViewArrayTests.swift */,
				14D20A07209F7426009436E4 /* Info.plist */,
			);
			path = QuickLayoutTests;
			sourceTree = "<group>";
		};
		14F9FB7F20A70FC300F37D02 /* QuickLayout */ = {
			isa = PBXGroup;
			children = (
				14F9FB8020A70FC300F37D02 /* QuickLayout.h */,
				14F9FB8120A70FC300F37D02 /* Info.plist */,
				14F9FB8C20A7104800F37D02 /* QLUtils.swift */,
				14F9FB8E20A7104800F37D02 /* UIView+QLContentWrap.swift */,
				14F9FB8D20A7104800F37D02 /* UIView+QuickLayout.swift */,
				14F9FB8B20A7104800F37D02 /* UIViewArray+QuickLayout.swift */,
			);
			path = QuickLayout;
			sourceTree = "<group>";
		};
		5764E3B4A613F31A4AF4893A /* Pods */ = {
			isa = PBXGroup;
			children = (
				A6CF5D8C848CDF4147E0DC30 /* Pods-QuickLayoutDemo.debug.xcconfig */,
				129B6C8CDE3028387B8958A8 /* Pods-QuickLayoutDemo.release.xcconfig */,
				CDE9661FF0586EB995CB1DDE /* Pods-QuickLayoutTests.debug.xcconfig */,
				142A2AD8A33C92183A64E96D /* Pods-QuickLayoutTests.release.xcconfig */,
			);
			name = Pods;
			sourceTree = "<group>";
		};
		607FACC71AFB9204008FA782 = {
			isa = PBXGroup;
			children = (
				607FACF51AFB993E008FA782 /* Podspec Metadata */,
				607FACD21AFB9204008FA782 /* Example */,
				14D20A04209F7426009436E4 /* QuickLayoutTests */,
				14F9FB7F20A70FC300F37D02 /* QuickLayout */,
				607FACD11AFB9204008FA782 /* Products */,
				5764E3B4A613F31A4AF4893A /* Pods */,
				B34E68F1B7EBA3209794FB4D /* Frameworks */,
			);
			sourceTree = "<group>";
		};
		607FACD11AFB9204008FA782 /* Products */ = {
			isa = PBXGroup;
			children = (
				607FACD01AFB9204008FA782 /* Quick Layout.app */,
				14D20A03209F7426009436E4 /* QuickLayoutTests.xctest */,
				14F9FB7E20A70FC300F37D02 /* QuickLayout.framework */,
			);
			name = Products;
			sourceTree = "<group>";
		};
		607FACD21AFB9204008FA782 /* Example */ = {
			isa = PBXGroup;
			children = (
				607FACD51AFB9204008FA782 /* AppDelegate.swift */,
				1410C80C20A5A58A00F83E0B /* NavigationController.swift */,
				607FACD71AFB9204008FA782 /* MainViewController.swift */,
				1410C81C20A5D8B800F83E0B /* Samples */,
				148448C01FC47C6E00DB72E8 /* Utils */,
				607FACDC1AFB9204008FA782 /* Images.xcassets */,
				607FACDE1AFB9204008FA782 /* LaunchScreen.xib */,
				607FACD31AFB9204008FA782 /* Supporting Files */,
			);
			name = Example;
			path = QuickLayout;
			sourceTree = "<group>";
		};
		607FACD31AFB9204008FA782 /* Supporting Files */ = {
			isa = PBXGroup;
			children = (
				607FACD41AFB9204008FA782 /* Info.plist */,
				149879B71FC3866E00AA0B51 /* QuickLayout-Bridging-Header.h */,
			);
			name = "Supporting Files";
			sourceTree = "<group>";
		};
		607FACF51AFB993E008FA782 /* Podspec Metadata */ = {
			isa = PBXGroup;
			children = (
				CF744FE52C7CD43181AC1BE0 /* QuickLayout.podspec */,
				1410C83120A7057200F83E0B /* CHANGELOG.md */,
				79D0E436E838A2B960D27763 /* README.md */,
				3FA85A2223F313FD65DA89B2 /* LICENSE */,
			);
			name = "Podspec Metadata";
			sourceTree = "<group>";
		};
		B34E68F1B7EBA3209794FB4D /* Frameworks */ = {
			isa = PBXGroup;
			children = (
				A572080B7124FA246F6625A0 /* Pods_QuickLayoutDemo.framework */,
				0909579FBA9545FF9DBC33A3 /* Pods_QuickLayoutTests.framework */,
			);
			name = Frameworks;
			sourceTree = "<group>";
		};
/* End PBXGroup section */

/* Begin PBXHeadersBuildPhase section */
		14F9FB7B20A70FC300F37D02 /* Headers */ = {
			isa = PBXHeadersBuildPhase;
			buildActionMask = 2147483647;
			files = (
				14F9FB8220A70FC300F37D02 /* QuickLayout.h in Headers */,
			);
			runOnlyForDeploymentPostprocessing = 0;
		};
/* End PBXHeadersBuildPhase section */

/* Begin PBXNativeTarget section */
		14D20A02209F7426009436E4 /* QuickLayoutTests */ = {
			isa = PBXNativeTarget;
			buildConfigurationList = 14D20A0A209F7426009436E4 /* Build configuration list for PBXNativeTarget "QuickLayoutTests" */;
			buildPhases = (
				D725E578796967DA29F83FA8 /* [CP] Check Pods Manifest.lock */,
				14D209FF209F7426009436E4 /* Sources */,
				14D20A00209F7426009436E4 /* Frameworks */,
				14D20A01209F7426009436E4 /* Resources */,
				4CA367FB9DC0C044E1DEA1A3 /* [CP] Embed Pods Frameworks */,
			);
			buildRules = (
			);
			dependencies = (
				14D20A09209F7426009436E4 /* PBXTargetDependency */,
			);
			name = QuickLayoutTests;
			productName = DemoAppTests;
			productReference = 14D20A03209F7426009436E4 /* QuickLayoutTests.xctest */;
			productType = "com.apple.product-type.bundle.unit-test";
		};
		14F9FB7D20A70FC300F37D02 /* QuickLayout */ = {
			isa = PBXNativeTarget;
			buildConfigurationList = 14F9FB8920A70FC300F37D02 /* Build configuration list for PBXNativeTarget "QuickLayout" */;
			buildPhases = (
				14F9FB7920A70FC300F37D02 /* Sources */,
				14F9FB7A20A70FC300F37D02 /* Frameworks */,
				14F9FB7B20A70FC300F37D02 /* Headers */,
				14F9FB7C20A70FC300F37D02 /* Resources */,
			);
			buildRules = (
			);
			dependencies = (
			);
			name = QuickLayout;
			productName = QuickLayout;
			productReference = 14F9FB7E20A70FC300F37D02 /* QuickLayout.framework */;
			productType = "com.apple.product-type.framework";
		};
		607FACCF1AFB9204008FA782 /* QuickLayoutDemo */ = {
			isa = PBXNativeTarget;
			buildConfigurationList = 607FACEF1AFB9204008FA782 /* Build configuration list for PBXNativeTarget "QuickLayoutDemo" */;
			buildPhases = (
				D090B7CFAB62CDDE59BB289B /* [CP] Check Pods Manifest.lock */,
				607FACCC1AFB9204008FA782 /* Sources */,
				607FACCD1AFB9204008FA782 /* Frameworks */,
				607FACCE1AFB9204008FA782 /* Resources */,
				CCB21B01347F728CA31DBFB3 /* [CP] Embed Pods Frameworks */,
				14F9FB8A20A70FC300F37D02 /* Embed Frameworks */,
			);
			buildRules = (
			);
			dependencies = (
				14F9FB8420A70FC300F37D02 /* PBXTargetDependency */,
			);
			name = QuickLayoutDemo;
			productName = QuickLayout;
			productReference = 607FACD01AFB9204008FA782 /* Quick Layout.app */;
			productType = "com.apple.product-type.application";
		};
/* End PBXNativeTarget section */

/* Begin PBXProject section */
		607FACC81AFB9204008FA782 /* Project object */ = {
			isa = PBXProject;
			attributes = {
				LastSwiftUpdateCheck = 0930;
				LastUpgradeCheck = 0830;
				ORGANIZATIONNAME = CocoaPods;
				TargetAttributes = {
					14D20A02209F7426009436E4 = {
						CreatedOnToolsVersion = 9.3;
						DevelopmentTeam = D2LR97ELBQ;
						ProvisioningStyle = Automatic;
						TestTargetID = 607FACCF1AFB9204008FA782;
					};
					14F9FB7D20A70FC300F37D02 = {
						CreatedOnToolsVersion = 9.3;
						DevelopmentTeam = D2LR97ELBQ;
						LastSwiftMigration = 0930;
						ProvisioningStyle = Automatic;
					};
					607FACCF1AFB9204008FA782 = {
						CreatedOnToolsVersion = 6.3.1;
						DevelopmentTeam = D2LR97ELBQ;
						LastSwiftMigration = 0900;
						ProvisioningStyle = Automatic;
					};
				};
			};
			buildConfigurationList = 607FACCB1AFB9204008FA782 /* Build configuration list for PBXProject "QuickLayout" */;
			compatibilityVersion = "Xcode 3.2";
			developmentRegion = English;
			hasScannedForEncodings = 0;
			knownRegions = (
				en,
				Base,
			);
			mainGroup = 607FACC71AFB9204008FA782;
			productRefGroup = 607FACD11AFB9204008FA782 /* Products */;
			projectDirPath = "";
			projectRoot = "";
			targets = (
				607FACCF1AFB9204008FA782 /* QuickLayoutDemo */,
				14D20A02209F7426009436E4 /* QuickLayoutTests */,
				14F9FB7D20A70FC300F37D02 /* QuickLayout */,
			);
		};
/* End PBXProject section */

/* Begin PBXResourcesBuildPhase section */
		14D20A01209F7426009436E4 /* Resources */ = {
			isa = PBXResourcesBuildPhase;
			buildActionMask = 2147483647;
			files = (
			);
			runOnlyForDeploymentPostprocessing = 0;
		};
		14F9FB7C20A70FC300F37D02 /* Resources */ = {
			isa = PBXResourcesBuildPhase;
			buildActionMask = 2147483647;
			files = (
			);
			runOnlyForDeploymentPostprocessing = 0;
		};
		607FACCE1AFB9204008FA782 /* Resources */ = {
			isa = PBXResourcesBuildPhase;
			buildActionMask = 2147483647;
			files = (
				1410C82F20A6393E00F83E0B /* contacts.json in Resources */,
				607FACE01AFB9204008FA782 /* LaunchScreen.xib in Resources */,
				1410C81920A5D45D00F83E0B /* sentences.json in Resources */,
				607FACDD1AFB9204008FA782 /* Images.xcassets in Resources */,
			);
			runOnlyForDeploymentPostprocessing = 0;
		};
/* End PBXResourcesBuildPhase section */

/* Begin PBXShellScriptBuildPhase section */
		4CA367FB9DC0C044E1DEA1A3 /* [CP] Embed Pods Frameworks */ = {
			isa = PBXShellScriptBuildPhase;
			buildActionMask = 2147483647;
			files = (
			);
			inputPaths = (
				"${SRCROOT}/Pods/Target Support Files/Pods-QuickLayoutTests/Pods-QuickLayoutTests-frameworks.sh",
				"${BUILT_PRODUCTS_DIR}/QuickLayout/QuickLayout.framework",
				"${BUILT_PRODUCTS_DIR}/Nimble/Nimble.framework",
				"${BUILT_PRODUCTS_DIR}/Quick/Quick.framework",
			);
			name = "[CP] Embed Pods Frameworks";
			outputPaths = (
				"${TARGET_BUILD_DIR}/${FRAMEWORKS_FOLDER_PATH}/QuickLayout.framework",
				"${TARGET_BUILD_DIR}/${FRAMEWORKS_FOLDER_PATH}/Nimble.framework",
				"${TARGET_BUILD_DIR}/${FRAMEWORKS_FOLDER_PATH}/Quick.framework",
			);
			runOnlyForDeploymentPostprocessing = 0;
			shellPath = /bin/sh;
			shellScript = "\"${SRCROOT}/Pods/Target Support Files/Pods-QuickLayoutTests/Pods-QuickLayoutTests-frameworks.sh\"\n";
			showEnvVarsInLog = 0;
		};
		CCB21B01347F728CA31DBFB3 /* [CP] Embed Pods Frameworks */ = {
			isa = PBXShellScriptBuildPhase;
			buildActionMask = 2147483647;
			files = (
			);
			inputPaths = (
				"${SRCROOT}/Pods/Target Support Files/Pods-QuickLayoutDemo/Pods-QuickLayoutDemo-frameworks.sh",
				"${BUILT_PRODUCTS_DIR}/QuickLayout/QuickLayout.framework",
			);
			name = "[CP] Embed Pods Frameworks";
			outputPaths = (
				"${TARGET_BUILD_DIR}/${FRAMEWORKS_FOLDER_PATH}/QuickLayout.framework",
			);
			runOnlyForDeploymentPostprocessing = 0;
			shellPath = /bin/sh;
			shellScript = "\"${SRCROOT}/Pods/Target Support Files/Pods-QuickLayoutDemo/Pods-QuickLayoutDemo-frameworks.sh\"\n";
			showEnvVarsInLog = 0;
		};
		D090B7CFAB62CDDE59BB289B /* [CP] Check Pods Manifest.lock */ = {
			isa = PBXShellScriptBuildPhase;
			buildActionMask = 2147483647;
			files = (
			);
			inputPaths = (
				"${PODS_PODFILE_DIR_PATH}/Podfile.lock",
				"${PODS_ROOT}/Manifest.lock",
			);
			name = "[CP] Check Pods Manifest.lock";
			outputPaths = (
				"$(DERIVED_FILE_DIR)/Pods-QuickLayoutDemo-checkManifestLockResult.txt",
			);
			runOnlyForDeploymentPostprocessing = 0;
			shellPath = /bin/sh;
			shellScript = "diff \"${PODS_PODFILE_DIR_PATH}/Podfile.lock\" \"${PODS_ROOT}/Manifest.lock\" > /dev/null\nif [ $? != 0 ] ; then\n    # print error to STDERR\n    echo \"error: The sandbox is not in sync with the Podfile.lock. Run 'pod install' or update your CocoaPods installation.\" >&2\n    exit 1\nfi\n# This output is used by Xcode 'outputs' to avoid re-running this script phase.\necho \"SUCCESS\" > \"${SCRIPT_OUTPUT_FILE_0}\"\n";
			showEnvVarsInLog = 0;
		};
		D725E578796967DA29F83FA8 /* [CP] Check Pods Manifest.lock */ = {
			isa = PBXShellScriptBuildPhase;
			buildActionMask = 2147483647;
			files = (
			);
			inputPaths = (
				"${PODS_PODFILE_DIR_PATH}/Podfile.lock",
				"${PODS_ROOT}/Manifest.lock",
			);
			name = "[CP] Check Pods Manifest.lock";
			outputPaths = (
				"$(DERIVED_FILE_DIR)/Pods-QuickLayoutTests-checkManifestLockResult.txt",
			);
			runOnlyForDeploymentPostprocessing = 0;
			shellPath = /bin/sh;
			shellScript = "diff \"${PODS_PODFILE_DIR_PATH}/Podfile.lock\" \"${PODS_ROOT}/Manifest.lock\" > /dev/null\nif [ $? != 0 ] ; then\n    # print error to STDERR\n    echo \"error: The sandbox is not in sync with the Podfile.lock. Run 'pod install' or update your CocoaPods installation.\" >&2\n    exit 1\nfi\n# This output is used by Xcode 'outputs' to avoid re-running this script phase.\necho \"SUCCESS\" > \"${SCRIPT_OUTPUT_FILE_0}\"\n";
			showEnvVarsInLog = 0;
		};
/* End PBXShellScriptBuildPhase section */

/* Begin PBXSourcesBuildPhase section */
		14D209FF209F7426009436E4 /* Sources */ = {
			isa = PBXSourcesBuildPhase;
			buildActionMask = 2147483647;
			files = (
				1410C82020A633F400F83E0B /* ViewArrayTests.swift in Sources */,
				1410C82520A635BA00F83E0B /* ContentWrapTests.swift in Sources */,
				14D20A06209F7426009436E4 /* SingleViewTests.swift in Sources */,
				1410C82220A6341400F83E0B /* UtilsTests.swift in Sources */,
			);
			runOnlyForDeploymentPostprocessing = 0;
		};
		14F9FB7920A70FC300F37D02 /* Sources */ = {
			isa = PBXSourcesBuildPhase;
			buildActionMask = 2147483647;
			files = (
				14F9FB9320A7109C00F37D02 /* QLUtils.swift in Sources */,
				14F9FB9420A7109C00F37D02 /* UIView+QLContentWrap.swift in Sources */,
				14F9FB9520A7109C00F37D02 /* UIView+QuickLayout.swift in Sources */,
				14F9FB9620A7109C00F37D02 /* UIViewArray+QuickLayout.swift in Sources */,
			);
			runOnlyForDeploymentPostprocessing = 0;
		};
		607FACCC1AFB9204008FA782 /* Sources */ = {
			isa = PBXSourcesBuildPhase;
			buildActionMask = 2147483647;
			files = (
				1410C82E20A6393E00F83E0B /* ContactTableViewCell.swift in Sources */,
				1410C80D20A5A58A00F83E0B /* NavigationController.swift in Sources */,
				1410C82D20A6393E00F83E0B /* ThumbView.swift in Sources */,
				607FACD81AFB9204008FA782 /* MainViewController.swift in Sources */,
				1410C81320A5C40D00F83E0B /* Object+ClassName.swift in Sources */,
				607FACD61AFB9204008FA782 /* AppDelegate.swift in Sources */,
				1410C83020A6393E00F83E0B /* Contact.swift in Sources */,
				1410C80920A59BD500F83E0B /* VertigoViewController.swift in Sources */,
				148448B11FC4567C00DB72E8 /* ScrollSampleViewController.swift in Sources */,
				1410C81B20A5D49C00F83E0B /* DataSource.swift in Sources */,
				1410C81520A5C52900F83E0B /* Font.swift in Sources */,
				1410C80B20A59C8F00F83E0B /* UIColor+Utils.swift in Sources */,
				149C80361FC222C1003BF76B /* Number+Utils.swift in Sources */,
				1410C82C20A6393E00F83E0B /* TableSampleViewController.swift in Sources */,
			);
			runOnlyForDeploymentPostprocessing = 0;
		};
/* End PBXSourcesBuildPhase section */

/* Begin PBXTargetDependency section */
		14D20A09209F7426009436E4 /* PBXTargetDependency */ = {
			isa = PBXTargetDependency;
			target = 607FACCF1AFB9204008FA782 /* QuickLayoutDemo */;
			targetProxy = 14D20A08209F7426009436E4 /* PBXContainerItemProxy */;
		};
		14F9FB8420A70FC300F37D02 /* PBXTargetDependency */ = {
			isa = PBXTargetDependency;
			target = 14F9FB7D20A70FC300F37D02 /* QuickLayout */;
			targetProxy = 14F9FB8320A70FC300F37D02 /* PBXContainerItemProxy */;
		};
/* End PBXTargetDependency section */

/* Begin PBXVariantGroup section */
		607FACDE1AFB9204008FA782 /* LaunchScreen.xib */ = {
			isa = PBXVariantGroup;
			children = (
				607FACDF1AFB9204008FA782 /* Base */,
			);
			name = LaunchScreen.xib;
			sourceTree = "<group>";
		};
/* End PBXVariantGroup section */

/* Begin XCBuildConfiguration section */
		14D20A0B209F7426009436E4 /* Debug */ = {
			isa = XCBuildConfiguration;
			baseConfigurationReference = CDE9661FF0586EB995CB1DDE /* Pods-QuickLayoutTests.debug.xcconfig */;
			buildSettings = {
				BUNDLE_LOADER = "$(TEST_HOST)";
				CLANG_ANALYZER_NONNULL = YES;
				CLANG_ANALYZER_NUMBER_OBJECT_CONVERSION = YES_AGGRESSIVE;
				CLANG_CXX_LANGUAGE_STANDARD = "gnu++14";
				CLANG_ENABLE_OBJC_WEAK = YES;
				CLANG_WARN_DEPRECATED_OBJC_IMPLEMENTATIONS = YES;
				CLANG_WARN_DOCUMENTATION_COMMENTS = YES;
				CLANG_WARN_OBJC_IMPLICIT_RETAIN_SELF = YES;
				CLANG_WARN_UNGUARDED_AVAILABILITY = YES_AGGRESSIVE;
				CODE_SIGN_IDENTITY = "iPhone Developer";
				CODE_SIGN_STYLE = Automatic;
				DEBUG_INFORMATION_FORMAT = dwarf;
				DEVELOPMENT_TEAM = D2LR97ELBQ;
				GCC_C_LANGUAGE_STANDARD = gnu11;
				INFOPLIST_FILE = DemoAppTests/Info.plist;
				IPHONEOS_DEPLOYMENT_TARGET = 11.3;
				LD_RUNPATH_SEARCH_PATHS = "$(inherited) @executable_path/Frameworks @loader_path/Frameworks";
				PRODUCT_BUNDLE_IDENTIFIER = com.huri.DemoAppTests;
				PRODUCT_NAME = "$(TARGET_NAME)";
				SWIFT_ACTIVE_COMPILATION_CONDITIONS = DEBUG;
				SWIFT_VERSION = 4.0;
				TARGETED_DEVICE_FAMILY = "1,2";
				TEST_HOST = "$(BUILT_PRODUCTS_DIR)/Quick Layout.app/Quick Layout";
			};
			name = Debug;
		};
		14D20A0C209F7426009436E4 /* Release */ = {
			isa = XCBuildConfiguration;
			baseConfigurationReference = 142A2AD8A33C92183A64E96D /* Pods-QuickLayoutTests.release.xcconfig */;
			buildSettings = {
				BUNDLE_LOADER = "$(TEST_HOST)";
				CLANG_ANALYZER_NONNULL = YES;
				CLANG_ANALYZER_NUMBER_OBJECT_CONVERSION = YES_AGGRESSIVE;
				CLANG_CXX_LANGUAGE_STANDARD = "gnu++14";
				CLANG_ENABLE_OBJC_WEAK = YES;
				CLANG_WARN_DEPRECATED_OBJC_IMPLEMENTATIONS = YES;
				CLANG_WARN_DOCUMENTATION_COMMENTS = YES;
				CLANG_WARN_OBJC_IMPLICIT_RETAIN_SELF = YES;
				CLANG_WARN_UNGUARDED_AVAILABILITY = YES_AGGRESSIVE;
				CODE_SIGN_IDENTITY = "iPhone Developer";
				CODE_SIGN_STYLE = Automatic;
				DEVELOPMENT_TEAM = D2LR97ELBQ;
				GCC_C_LANGUAGE_STANDARD = gnu11;
				INFOPLIST_FILE = DemoAppTests/Info.plist;
				IPHONEOS_DEPLOYMENT_TARGET = 11.3;
				LD_RUNPATH_SEARCH_PATHS = "$(inherited) @executable_path/Frameworks @loader_path/Frameworks";
				PRODUCT_BUNDLE_IDENTIFIER = com.huri.DemoAppTests;
				PRODUCT_NAME = "$(TARGET_NAME)";
				SWIFT_VERSION = 4.0;
				TARGETED_DEVICE_FAMILY = "1,2";
				TEST_HOST = "$(BUILT_PRODUCTS_DIR)/Quick Layout.app/Quick Layout";
			};
			name = Release;
		};
		14F9FB8720A70FC300F37D02 /* Debug */ = {
			isa = XCBuildConfiguration;
			buildSettings = {
				CLANG_ANALYZER_NONNULL = YES;
				CLANG_ANALYZER_NUMBER_OBJECT_CONVERSION = YES_AGGRESSIVE;
				CLANG_CXX_LANGUAGE_STANDARD = "gnu++14";
				CLANG_ENABLE_MODULES = YES;
				CLANG_ENABLE_OBJC_WEAK = YES;
				CLANG_WARN_DEPRECATED_OBJC_IMPLEMENTATIONS = YES;
				CLANG_WARN_DOCUMENTATION_COMMENTS = YES;
				CLANG_WARN_OBJC_IMPLICIT_RETAIN_SELF = YES;
				CLANG_WARN_UNGUARDED_AVAILABILITY = YES_AGGRESSIVE;
				CODE_SIGN_IDENTITY = "iPhone Developer";
				CODE_SIGN_STYLE = Automatic;
				CURRENT_PROJECT_VERSION = 1;
				DEBUG_INFORMATION_FORMAT = dwarf;
				DEFINES_MODULE = YES;
				DEVELOPMENT_TEAM = D2LR97ELBQ;
				DYLIB_COMPATIBILITY_VERSION = 1;
				DYLIB_CURRENT_VERSION = 1;
				DYLIB_INSTALL_NAME_BASE = "@rpath";
				GCC_C_LANGUAGE_STANDARD = gnu11;
				INFOPLIST_FILE = QuickLayout/Info.plist;
				INSTALL_PATH = "$(LOCAL_LIBRARY_DIR)/Frameworks";
				IPHONEOS_DEPLOYMENT_TARGET = 9.0;
				LD_RUNPATH_SEARCH_PATHS = "$(inherited) @executable_path/Frameworks @loader_path/Frameworks";
				PRODUCT_BUNDLE_IDENTIFIER = com.huri.QuickLayout;
				PRODUCT_NAME = "$(TARGET_NAME:c99extidentifier)";
				SKIP_INSTALL = YES;
				SWIFT_ACTIVE_COMPILATION_CONDITIONS = DEBUG;
				SWIFT_OPTIMIZATION_LEVEL = "-Onone";
				SWIFT_VERSION = 4.0;
				TARGETED_DEVICE_FAMILY = "1,2";
				VERSIONING_SYSTEM = "apple-generic";
				VERSION_INFO_PREFIX = "";
			};
			name = Debug;
		};
		14F9FB8820A70FC300F37D02 /* Release */ = {
			isa = XCBuildConfiguration;
			buildSettings = {
				CLANG_ANALYZER_NONNULL = YES;
				CLANG_ANALYZER_NUMBER_OBJECT_CONVERSION = YES_AGGRESSIVE;
				CLANG_CXX_LANGUAGE_STANDARD = "gnu++14";
				CLANG_ENABLE_MODULES = YES;
				CLANG_ENABLE_OBJC_WEAK = YES;
				CLANG_WARN_DEPRECATED_OBJC_IMPLEMENTATIONS = YES;
				CLANG_WARN_DOCUMENTATION_COMMENTS = YES;
				CLANG_WARN_OBJC_IMPLICIT_RETAIN_SELF = YES;
				CLANG_WARN_UNGUARDED_AVAILABILITY = YES_AGGRESSIVE;
				CODE_SIGN_IDENTITY = "iPhone Developer";
				CODE_SIGN_STYLE = Automatic;
				CURRENT_PROJECT_VERSION = 1;
				DEFINES_MODULE = YES;
				DEVELOPMENT_TEAM = D2LR97ELBQ;
				DYLIB_COMPATIBILITY_VERSION = 1;
				DYLIB_CURRENT_VERSION = 1;
				DYLIB_INSTALL_NAME_BASE = "@rpath";
				GCC_C_LANGUAGE_STANDARD = gnu11;
				INFOPLIST_FILE = QuickLayout/Info.plist;
				INSTALL_PATH = "$(LOCAL_LIBRARY_DIR)/Frameworks";
				IPHONEOS_DEPLOYMENT_TARGET = 9.0;
				LD_RUNPATH_SEARCH_PATHS = "$(inherited) @executable_path/Frameworks @loader_path/Frameworks";
				PRODUCT_BUNDLE_IDENTIFIER = com.huri.QuickLayout;
				PRODUCT_NAME = "$(TARGET_NAME:c99extidentifier)";
				SKIP_INSTALL = YES;
				SWIFT_VERSION = 4.0;
				TARGETED_DEVICE_FAMILY = "1,2";
				VERSIONING_SYSTEM = "apple-generic";
				VERSION_INFO_PREFIX = "";
			};
			name = Release;
		};
		607FACED1AFB9204008FA782 /* Debug */ = {
			isa = XCBuildConfiguration;
			buildSettings = {
				ALWAYS_SEARCH_USER_PATHS = NO;
				CLANG_CXX_LANGUAGE_STANDARD = "gnu++0x";
				CLANG_CXX_LIBRARY = "libc++";
				CLANG_ENABLE_MODULES = YES;
				CLANG_ENABLE_OBJC_ARC = YES;
				CLANG_WARN_BLOCK_CAPTURE_AUTORELEASING = YES;
				CLANG_WARN_BOOL_CONVERSION = YES;
				CLANG_WARN_COMMA = YES;
				CLANG_WARN_CONSTANT_CONVERSION = YES;
				CLANG_WARN_DIRECT_OBJC_ISA_USAGE = YES_ERROR;
				CLANG_WARN_EMPTY_BODY = YES;
				CLANG_WARN_ENUM_CONVERSION = YES;
				CLANG_WARN_INFINITE_RECURSION = YES;
				CLANG_WARN_INT_CONVERSION = YES;
				CLANG_WARN_NON_LITERAL_NULL_CONVERSION = YES;
				CLANG_WARN_OBJC_LITERAL_CONVERSION = YES;
				CLANG_WARN_OBJC_ROOT_CLASS = YES_ERROR;
				CLANG_WARN_RANGE_LOOP_ANALYSIS = YES;
				CLANG_WARN_STRICT_PROTOTYPES = YES;
				CLANG_WARN_SUSPICIOUS_MOVE = YES;
				CLANG_WARN_UNREACHABLE_CODE = YES;
				CLANG_WARN__DUPLICATE_METHOD_MATCH = YES;
				"CODE_SIGN_IDENTITY[sdk=iphoneos*]" = "iPhone Developer";
				COPY_PHASE_STRIP = NO;
				DEBUG_INFORMATION_FORMAT = "dwarf-with-dsym";
				ENABLE_STRICT_OBJC_MSGSEND = YES;
				ENABLE_TESTABILITY = YES;
				GCC_C_LANGUAGE_STANDARD = gnu99;
				GCC_DYNAMIC_NO_PIC = NO;
				GCC_NO_COMMON_BLOCKS = YES;
				GCC_OPTIMIZATION_LEVEL = 0;
				GCC_PREPROCESSOR_DEFINITIONS = (
					"DEBUG=1",
					"$(inherited)",
				);
				GCC_SYMBOLS_PRIVATE_EXTERN = NO;
				GCC_WARN_64_TO_32_BIT_CONVERSION = YES;
				GCC_WARN_ABOUT_RETURN_TYPE = YES_ERROR;
				GCC_WARN_UNDECLARED_SELECTOR = YES;
				GCC_WARN_UNINITIALIZED_AUTOS = YES_AGGRESSIVE;
				GCC_WARN_UNUSED_FUNCTION = YES;
				GCC_WARN_UNUSED_VARIABLE = YES;
				IPHONEOS_DEPLOYMENT_TARGET = 9.0;
				MTL_ENABLE_DEBUG_INFO = YES;
				ONLY_ACTIVE_ARCH = YES;
				SDKROOT = iphoneos;
				SWIFT_OPTIMIZATION_LEVEL = "-Onone";
				SWIFT_VERSION = 4.0;
			};
			name = Debug;
		};
		607FACEE1AFB9204008FA782 /* Release */ = {
			isa = XCBuildConfiguration;
			buildSettings = {
				ALWAYS_SEARCH_USER_PATHS = NO;
				CLANG_CXX_LANGUAGE_STANDARD = "gnu++0x";
				CLANG_CXX_LIBRARY = "libc++";
				CLANG_ENABLE_MODULES = YES;
				CLANG_ENABLE_OBJC_ARC = YES;
				CLANG_WARN_BLOCK_CAPTURE_AUTORELEASING = YES;
				CLANG_WARN_BOOL_CONVERSION = YES;
				CLANG_WARN_COMMA = YES;
				CLANG_WARN_CONSTANT_CONVERSION = YES;
				CLANG_WARN_DIRECT_OBJC_ISA_USAGE = YES_ERROR;
				CLANG_WARN_EMPTY_BODY = YES;
				CLANG_WARN_ENUM_CONVERSION = YES;
				CLANG_WARN_INFINITE_RECURSION = YES;
				CLANG_WARN_INT_CONVERSION = YES;
				CLANG_WARN_NON_LITERAL_NULL_CONVERSION = YES;
				CLANG_WARN_OBJC_LITERAL_CONVERSION = YES;
				CLANG_WARN_OBJC_ROOT_CLASS = YES_ERROR;
				CLANG_WARN_RANGE_LOOP_ANALYSIS = YES;
				CLANG_WARN_STRICT_PROTOTYPES = YES;
				CLANG_WARN_SUSPICIOUS_MOVE = YES;
				CLANG_WARN_UNREACHABLE_CODE = YES;
				CLANG_WARN__DUPLICATE_METHOD_MATCH = YES;
				"CODE_SIGN_IDENTITY[sdk=iphoneos*]" = "iPhone Developer";
				COPY_PHASE_STRIP = NO;
				DEBUG_INFORMATION_FORMAT = "dwarf-with-dsym";
				ENABLE_NS_ASSERTIONS = NO;
				ENABLE_STRICT_OBJC_MSGSEND = YES;
				GCC_C_LANGUAGE_STANDARD = gnu99;
				GCC_NO_COMMON_BLOCKS = YES;
				GCC_WARN_64_TO_32_BIT_CONVERSION = YES;
				GCC_WARN_ABOUT_RETURN_TYPE = YES_ERROR;
				GCC_WARN_UNDECLARED_SELECTOR = YES;
				GCC_WARN_UNINITIALIZED_AUTOS = YES_AGGRESSIVE;
				GCC_WARN_UNUSED_FUNCTION = YES;
				GCC_WARN_UNUSED_VARIABLE = YES;
				IPHONEOS_DEPLOYMENT_TARGET = 9.0;
				MTL_ENABLE_DEBUG_INFO = NO;
				SDKROOT = iphoneos;
				SWIFT_OPTIMIZATION_LEVEL = "-Owholemodule";
				SWIFT_VERSION = 4.0;
				VALIDATE_PRODUCT = YES;
			};
			name = Release;
		};
		607FACF01AFB9204008FA782 /* Debug */ = {
			isa = XCBuildConfiguration;
			baseConfigurationReference = A6CF5D8C848CDF4147E0DC30 /* Pods-QuickLayoutDemo.debug.xcconfig */;
			buildSettings = {
				ALWAYS_EMBED_SWIFT_STANDARD_LIBRARIES = YES;
				ASSETCATALOG_COMPILER_APPICON_NAME = AppIcon;
				CODE_SIGN_IDENTITY = "iPhone Developer";
				"CODE_SIGN_IDENTITY[sdk=iphoneos*]" = "iPhone Developer";
				CODE_SIGN_STYLE = Automatic;
				DEVELOPMENT_TEAM = D2LR97ELBQ;
				INFOPLIST_FILE = QuickLayout/Info.plist;
				IPHONEOS_DEPLOYMENT_TARGET = 9.0;
				LD_RUNPATH_SEARCH_PATHS = "$(inherited) @executable_path/Frameworks";
				MODULE_NAME = ExampleApp;
				PRODUCT_BUNDLE_IDENTIFIER = "org.cocoapods.demo.$(PRODUCT_NAME:rfc1034identifier)";
				PRODUCT_NAME = "Quick Layout";
				PROVISIONING_PROFILE_SPECIFIER = "";
				SWIFT_OBJC_BRIDGING_HEADER = "$(PROJECT_DIR)/$(PROJECT_NAME)/$(PROJECT_NAME)-Bridging-Header.h";
				SWIFT_SWIFT3_OBJC_INFERENCE = Default;
				SWIFT_VERSION = 4.0;
				TARGETED_DEVICE_FAMILY = "1,2";
			};
			name = Debug;
		};
		607FACF11AFB9204008FA782 /* Release */ = {
			isa = XCBuildConfiguration;
			baseConfigurationReference = 129B6C8CDE3028387B8958A8 /* Pods-QuickLayoutDemo.release.xcconfig */;
			buildSettings = {
				ALWAYS_EMBED_SWIFT_STANDARD_LIBRARIES = YES;
				ASSETCATALOG_COMPILER_APPICON_NAME = AppIcon;
				CODE_SIGN_IDENTITY = "iPhone Developer";
				"CODE_SIGN_IDENTITY[sdk=iphoneos*]" = "iPhone Developer";
				CODE_SIGN_STYLE = Automatic;
				DEVELOPMENT_TEAM = D2LR97ELBQ;
				INFOPLIST_FILE = QuickLayout/Info.plist;
				IPHONEOS_DEPLOYMENT_TARGET = 9.0;
				LD_RUNPATH_SEARCH_PATHS = "$(inherited) @executable_path/Frameworks";
				MODULE_NAME = ExampleApp;
				PRODUCT_BUNDLE_IDENTIFIER = "org.cocoapods.demo.$(PRODUCT_NAME:rfc1034identifier)";
				PRODUCT_NAME = "Quick Layout";
				PROVISIONING_PROFILE_SPECIFIER = "";
				SWIFT_OBJC_BRIDGING_HEADER = "$(PROJECT_DIR)/$(PROJECT_NAME)/$(PROJECT_NAME)-Bridging-Header.h";
				SWIFT_SWIFT3_OBJC_INFERENCE = Default;
				SWIFT_VERSION = 4.0;
				TARGETED_DEVICE_FAMILY = "1,2";
			};
			name = Release;
		};
/* End XCBuildConfiguration section */

/* Begin XCConfigurationList section */
		14D20A0A209F7426009436E4 /* Build configuration list for PBXNativeTarget "QuickLayoutTests" */ = {
			isa = XCConfigurationList;
			buildConfigurations = (
				14D20A0B209F7426009436E4 /* Debug */,
				14D20A0C209F7426009436E4 /* Release */,
			);
			defaultConfigurationIsVisible = 0;
			defaultConfigurationName = Release;
		};
		14F9FB8920A70FC300F37D02 /* Build configuration list for PBXNativeTarget "QuickLayout" */ = {
			isa = XCConfigurationList;
			buildConfigurations = (
				14F9FB8720A70FC300F37D02 /* Debug */,
				14F9FB8820A70FC300F37D02 /* Release */,
			);
			defaultConfigurationIsVisible = 0;
			defaultConfigurationName = Release;
		};
		607FACCB1AFB9204008FA782 /* Build configuration list for PBXProject "QuickLayout" */ = {
			isa = XCConfigurationList;
			buildConfigurations = (
				607FACED1AFB9204008FA782 /* Debug */,
				607FACEE1AFB9204008FA782 /* Release */,
			);
			defaultConfigurationIsVisible = 0;
			defaultConfigurationName = Release;
		};
		607FACEF1AFB9204008FA782 /* Build configuration list for PBXNativeTarget "QuickLayoutDemo" */ = {
			isa = XCConfigurationList;
			buildConfigurations = (
				607FACF01AFB9204008FA782 /* Debug */,
				607FACF11AFB9204008FA782 /* Release */,
			);
			defaultConfigurationIsVisible = 0;
			defaultConfigurationName = Release;
		};
/* End XCConfigurationList section */
	};
	rootObject = 607FACC81AFB9204008FA782 /* Project object */;
}
